{
  "name": "patchy-api",
  "lockfileVersion": 2,
  "requires": true,
  "packages": {
    "": {
      "dependencies": {
        "@minecraft/server": "^1.1.0-beta.preview.1.19.50.25",
        "@minecraft/server-ui": "^1.0.0-beta.release.1.19.40",
        "caller-callsite": "^5.0.0",
        "path": "^0.12.7"
      }
    },
    "node_modules/@minecraft/server": {
      "version": "1.1.0-beta.preview.1.19.50.25",
      "resolved": "https://registry.npmjs.org/@minecraft/server/-/server-1.1.0-beta.preview.1.19.50.25.tgz",
      "integrity": "sha512-rMyDMoMJNw1rVyW0rh1dAiCpBaAn8ljPFilDl3En5PbEVitnQKAaEagwzOFy2n4Yl88PBFhou1ZZn6FY2//fSQ=="
    },
    "node_modules/@minecraft/server-ui": {
      "version": "1.0.0-beta.release.1.19.40",
      "resolved": "https://registry.npmjs.org/@minecraft/server-ui/-/server-ui-1.0.0-beta.release.1.19.40.tgz",
      "integrity": "sha512-PBPNhS51HxkpQ+Mya34+Aq8fkccwOW6/egg8cpXnPI9K0DIUJTuTuyrNfPIL5pY5N76D78EXmtkxBVJ2PtUGCw==",
      "dependencies": {
        "@minecraft/server": "1.0.0-beta.release.1.19.40"
      }
    },
    "node_modules/@minecraft/server-ui/node_modules/@minecraft/server": {
      "version": "1.0.0-beta.release.1.19.40",
      "resolved": "https://registry.npmjs.org/@minecraft/server/-/server-1.0.0-beta.release.1.19.40.tgz",
      "integrity": "sha512-ruhPv3MqzeZAwB5EioAQGNKl0DP9s9DAbu+W4wSyZdndlP35omdzPOZsVH3Rz9Y5zL6PvIR4dm294UL4EMHj8Q=="
    },
    "node_modules/caller-callsite": {
      "version": "5.0.0",
      "license": "MIT",
      "dependencies": {
        "callsites": "^4.0.0"
      },
      "engines": {
        "node": "^12.20.0 || ^14.13.1 || >=16.0.0"
      },
      "funding": {
        "url": "https://github.com/sponsors/sindresorhus"
      }
    },
    "node_modules/callsites": {
      "version": "4.0.0",
      "license": "MIT",
      "engines": {
        "node": ">=12.20"
      },
      "funding": {
        "url": "https://github.com/sponsors/sindresorhus"
      }
    },
    "node_modules/path": {
      "version": "0.12.7",
      "license": "MIT",
      "dependencies": {
        "process": "^0.11.1",
        "util": "^0.10.3"
      }
    },
    "node_modules/path/node_modules/inherits": {
      "version": "2.0.3",
      "license": "ISC"
    },
    "node_modules/path/node_modules/util": {
      "version": "0.10.4",
      "license": "MIT",
      "dependencies": {
        "inherits": "2.0.3"
      }
    },
    "node_modules/process": {
      "version": "0.11.10",
      "license": "MIT",
      "engines": {
        "node": ">= 0.6.0"
      }
    }
  },
  "dependencies": {
    "@minecraft/server": {
      "version": "1.1.0-beta.preview.1.19.50.25",
      "resolved": "https://registry.npmjs.org/@minecraft/server/-/server-1.1.0-beta.preview.1.19.50.25.tgz",
      "integrity": "sha512-rMyDMoMJNw1rVyW0rh1dAiCpBaAn8ljPFilDl3En5PbEVitnQKAaEagwzOFy2n4Yl88PBFhou1ZZn6FY2//fSQ=="
    },
    "@minecraft/server-ui": {
      "version": "1.0.0-beta.release.1.19.40",
      "resolved": "https://registry.npmjs.org/@minecraft/server-ui/-/server-ui-1.0.0-beta.release.1.19.40.tgz",
      "integrity": "sha512-PBPNhS51HxkpQ+Mya34+Aq8fkccwOW6/egg8cpXnPI9K0DIUJTuTuyrNfPIL5pY5N76D78EXmtkxBVJ2PtUGCw==",
      "requires": {
        "@minecraft/server": "1.0.0-beta.release.1.19.40"
      },
      "dependencies": {
        "@minecraft/server": {
          "version": "1.0.0-beta.release.1.19.40",
          "resolved": "https://registry.npmjs.org/@minecraft/server/-/server-1.0.0-beta.release.1.19.40.tgz",
          "integrity": "sha512-ruhPv3MqzeZAwB5EioAQGNKl0DP9s9DAbu+W4wSyZdndlP35omdzPOZsVH3Rz9Y5zL6PvIR4dm294UL4EMHj8Q=="
        }
      }
    },
    "caller-callsite": {
      "version": "5.0.0",
      "requires": {
        "callsites": "^4.0.0"
      }
    },
    "callsites": {
      "version": "4.0.0"
    },
    "path": {
      "version": "0.12.7",
      "requires": {
        "process": "^0.11.1",
        "util": "^0.10.3"
      },
      "dependencies": {
        "inherits": {
          "version": "2.0.3"
        },
        "util": {
          "version": "0.10.4",
          "requires": {
            "inherits": "2.0.3"
          }
        }
      }
    },
    "process": {
      "version": "0.11.10"
    }
  }
}
