{
  "name": "libraries",
  "lockfileVersion": 2,
  "requires": true,
  "packages": {
    "": {
      "dependencies": {
        "@minecraft/server": "^1.7.0-beta.1.20.40-preview.24",
        "@minecraft/vanilla-data": "^1.20.40-preview.24",
        "@types/node": "^20.8.4"
      },
      "devDependencies": {
        "typescript": "^5.1.6"
      }
    },
    "node_modules/@minecraft/common": {
      "version": "1.0.0-rc.1.20.40-preview.24",
      "resolved": "https://registry.npmjs.org/@minecraft/common/-/common-1.0.0-rc.1.20.40-preview.24.tgz",
      "integrity": "sha512-ihE6KxIX3Q34wuJtoMFIy9lRHnp+IZOQHuUQsanLMPR8C80nDSmewD8lM2bK7PSZQkMOBE1aLLLyHYq3xV+ydg=="
    },
    "node_modules/@minecraft/server": {
      "version": "1.7.0-beta.1.20.40-preview.24",
      "resolved": "https://registry.npmjs.org/@minecraft/server/-/server-1.7.0-beta.1.20.40-preview.24.tgz",
      "integrity": "sha512-SS9n2Se9M6Ad3oFyU8VCBHVW36uQQ6RU02wev3wEuVAsY5eGnoDUVw+TKuiu6i0cCHTq3dL3qes3wSF7r3vayw==",
      "dependencies": {
        "@minecraft/common": "^1.0.0-rc.1.20.40-preview.24"
      }
    },
    "node_modules/@minecraft/vanilla-data": {
      "version": "1.20.40-preview.24",
      "resolved": "https://registry.npmjs.org/@minecraft/vanilla-data/-/vanilla-data-1.20.40-preview.24.tgz",
      "integrity": "sha512-Q7dc6MQPRWNBMVemc7L7yh2p+/UM2o01egjN29pLhJt9yh1RKIe13JMQf92STGX0SnizZV4u0Fm3iIthEuJOrA=="
    },
    "node_modules/@types/node": {
      "version": "20.8.4",
      "resolved": "https://registry.npmjs.org/@types/node/-/node-20.8.4.tgz",
      "integrity": "sha512-ZVPnqU58giiCjSxjVUESDtdPk4QR5WQhhINbc9UBrKLU68MX5BF6kbQzTrkwbolyr0X8ChBpXfavr5mZFKZQ5A==",
      "dependencies": {
        "undici-types": "~5.25.1"
      }
    },
    "node_modules/typescript": {
      "version": "5.2.2",
      "resolved": "https://registry.npmjs.org/typescript/-/typescript-5.2.2.tgz",
      "integrity": "sha512-mI4WrpHsbCIcwT9cF4FZvr80QUeKvsUsUvKDoR+X/7XHQH98xYD8YHZg7ANtz2GtZt/CBq2QJ0thkGJMHfqc1w==",
      "dev": true,
      "bin": {
        "tsc": "bin/tsc",
        "tsserver": "bin/tsserver"
      },
      "engines": {
        "node": ">=14.17"
      }
    },
    "node_modules/undici-types": {
      "version": "5.25.3",
      "resolved": "https://registry.npmjs.org/undici-types/-/undici-types-5.25.3.tgz",
      "integrity": "sha512-Ga1jfYwRn7+cP9v8auvEXN1rX3sWqlayd4HP7OKk4mZWylEmu3KzXDUGrQUN6Ol7qo1gPvB2e5gX6udnyEPgdA=="
    }
  },
  "dependencies": {
    "@minecraft/common": {
      "version": "1.0.0-rc.1.20.40-preview.24",
      "resolved": "https://registry.npmjs.org/@minecraft/common/-/common-1.0.0-rc.1.20.40-preview.24.tgz",
      "integrity": "sha512-ihE6KxIX3Q34wuJtoMFIy9lRHnp+IZOQHuUQsanLMPR8C80nDSmewD8lM2bK7PSZQkMOBE1aLLLyHYq3xV+ydg=="
    },
    "@minecraft/server": {
      "version": "1.7.0-beta.1.20.40-preview.24",
      "resolved": "https://registry.npmjs.org/@minecraft/server/-/server-1.7.0-beta.1.20.40-preview.24.tgz",
      "integrity": "sha512-SS9n2Se9M6Ad3oFyU8VCBHVW36uQQ6RU02wev3wEuVAsY5eGnoDUVw+TKuiu6i0cCHTq3dL3qes3wSF7r3vayw==",
      "requires": {
        "@minecraft/common": "^1.0.0-rc.1.20.40-preview.24"
      }
    },
    "@minecraft/vanilla-data": {
      "version": "1.20.40-preview.24",
      "resolved": "https://registry.npmjs.org/@minecraft/vanilla-data/-/vanilla-data-1.20.40-preview.24.tgz",
      "integrity": "sha512-Q7dc6MQPRWNBMVemc7L7yh2p+/UM2o01egjN29pLhJt9yh1RKIe13JMQf92STGX0SnizZV4u0Fm3iIthEuJOrA=="
    },
    "@types/node": {
      "version": "20.8.4",
      "resolved": "https://registry.npmjs.org/@types/node/-/node-20.8.4.tgz",
      "integrity": "sha512-ZVPnqU58giiCjSxjVUESDtdPk4QR5WQhhINbc9UBrKLU68MX5BF6kbQzTrkwbolyr0X8ChBpXfavr5mZFKZQ5A==",
      "requires": {
        "undici-types": "~5.25.1"
      }
    },
    "typescript": {
      "version": "5.2.2",
      "resolved": "https://registry.npmjs.org/typescript/-/typescript-5.2.2.tgz",
      "integrity": "sha512-mI4WrpHsbCIcwT9cF4FZvr80QUeKvsUsUvKDoR+X/7XHQH98xYD8YHZg7ANtz2GtZt/CBq2QJ0thkGJMHfqc1w==",
      "dev": true
    },
    "undici-types": {
      "version": "5.25.3",
      "resolved": "https://registry.npmjs.org/undici-types/-/undici-types-5.25.3.tgz",
      "integrity": "sha512-Ga1jfYwRn7+cP9v8auvEXN1rX3sWqlayd4HP7OKk4mZWylEmu3KzXDUGrQUN6Ol7qo1gPvB2e5gX6udnyEPgdA=="
    }
  }
}
