{
  "name": "test",
  "lockfileVersion": 2,
  "requires": true,
  "packages": {
    "": {
      "dependencies": {
        "typescript-json": "^3.3.20"
      }
    },
    "node_modules/typescript-json": {
      "version": "3.3.20",
      "resolved": "https://registry.npmjs.org/typescript-json/-/typescript-json-3.3.20.tgz",
      "integrity": "sha512-80ql4U/h1VqYP1sWgom0Foc6xSFKM6/3AQkbrv8/sXG2JbavStwwSVCbIcWPtyJVraIYQW6VufHU1Mr5++HR8g=="
    }
  },
  "dependencies": {
    "typescript-json": {
      "version": "3.3.20",
      "resolved": "https://registry.npmjs.org/typescript-json/-/typescript-json-3.3.20.tgz",
      "integrity": "sha512-80ql4U/h1VqYP1sWgom0Foc6xSFKM6/3AQkbrv8/sXG2JbavStwwSVCbIcWPtyJVraIYQW6VufHU1Mr5++HR8g=="
    }
  }
}
